
Microsoft Visual Studio Solution File, Format Version 12.00
# Visual Studio Version 17
VisualStudioVersion = 17.4.33205.214
MinimumVisualStudioVersion = 10.0.40219.1
Project("{9A19103F-16F7-4668-BE54-9A1E7A4F7556}") = "Calculator", "Calculator\Calculator.csproj", "{A19B6DA8-4D03-41D5-A8C0-DCF05A4390B3}"
EndProject
Project("{9A19103F-16F7-4668-BE54-9A1E7A4F7556}") = "CajeroAutomatico", "CajeroAutomatico\CajeroAutomatico.csproj", "{EF91D409-5839-4BB7-80FD-DFA966A75CE3}"
EndProject
Global
	GlobalSection(SolutionConfigurationPlatforms) = preSolution
		Debug|Any CPU = Debug|Any CPU
		Release|Any CPU = Release|Any CPU
	EndGlobalSection
	GlobalSection(ProjectConfigurationPlatforms) = postSolution
		{A19B6DA8-4D03-41D5-A8C0-DCF05A4390B3}.Debug|Any CPU.ActiveCfg = Debug|Any CPU
		{A19B6DA8-4D03-41D5-A8C0-DCF05A4390B3}.Debug|Any CPU.Build.0 = Debug|Any CPU
		{A19B6DA8-4D03-41D5-A8C0-DCF05A4390B3}.Release|Any CPU.ActiveCfg = Release|Any CPU
		{A19B6DA8-4D03-41D5-A8C0-DCF05A4390B3}.Release|Any CPU.Build.0 = Release|Any CPU
		{EF91D409-5839-4BB7-80FD-DFA966A75CE3}.Debug|Any CPU.ActiveCfg = Debug|Any CPU
		{EF91D409-5839-4BB7-80FD-DFA966A75CE3}.Debug|Any CPU.Build.0 = Debug|Any CPU
		{EF91D409-5839-4BB7-80FD-DFA966A75CE3}.Release|Any CPU.ActiveCfg = Release|Any CPU
		{EF91D409-5839-4BB7-80FD-DFA966A75CE3}.Release|Any CPU.Build.0 = Release|Any CPU
	EndGlobalSection
	GlobalSection(SolutionProperties) = preSolution
		HideSolutionNode = FALSE
	EndGlobalSection
	GlobalSection(ExtensibilityGlobals) = postSolution
		SolutionGuid = {357F463E-9CD4-4C5F-A0C7-3E5E10087A9E}
	EndGlobalSection
EndGlobal
