
Microsoft Visual Studio Solution File, Format Version 12.00
# Visual Studio Version 16
VisualStudioVersion = 16.0.30011.22
MinimumVisualStudioVersion = 10.0.40219.1
Project("{FAE04EC0-301F-11D3-BF4B-00C04F79EFBC}") = "CSharpDirtyCode", "CSharpDirtyCode.csproj", "{B002B4D7-BF7A-42E1-B3E8-45858ABCE661}"
EndProject
Project("{FAE04EC0-301F-11D3-BF4B-00C04F79EFBC}") = "Calculator", "..\Calculator\Calculator.csproj", "{7DAC53DA-8F82-476E-8D70-19BC38A5F641}"
EndProject
Project("{FAE04EC0-301F-11D3-BF4B-00C04F79EFBC}") = "CajeroAutomatico", "..\CajeroAutomatico\CajeroAutomatico.csproj", "{840ADBA6-111D-4326-9D0C-EED49AECDDF1}"
EndProject
Global
	GlobalSection(SolutionConfigurationPlatforms) = preSolution
		Debug|Any CPU = Debug|Any CPU
		Release|Any CPU = Release|Any CPU
	EndGlobalSection
	GlobalSection(ProjectConfigurationPlatforms) = postSolution
		{B002B4D7-BF7A-42E1-B3E8-45858ABCE661}.Debug|Any CPU.ActiveCfg = Debug|Any CPU
		{B002B4D7-BF7A-42E1-B3E8-45858ABCE661}.Debug|Any CPU.Build.0 = Debug|Any CPU
		{B002B4D7-BF7A-42E1-B3E8-45858ABCE661}.Release|Any CPU.ActiveCfg = Release|Any CPU
		{B002B4D7-BF7A-42E1-B3E8-45858ABCE661}.Release|Any CPU.Build.0 = Release|Any CPU
		{7DAC53DA-8F82-476E-8D70-19BC38A5F641}.Debug|Any CPU.ActiveCfg = Debug|Any CPU
		{7DAC53DA-8F82-476E-8D70-19BC38A5F641}.Debug|Any CPU.Build.0 = Debug|Any CPU
		{7DAC53DA-8F82-476E-8D70-19BC38A5F641}.Release|Any CPU.ActiveCfg = Release|Any CPU
		{7DAC53DA-8F82-476E-8D70-19BC38A5F641}.Release|Any CPU.Build.0 = Release|Any CPU
		{840ADBA6-111D-4326-9D0C-EED49AECDDF1}.Debug|Any CPU.ActiveCfg = Debug|Any CPU
		{840ADBA6-111D-4326-9D0C-EED49AECDDF1}.Debug|Any CPU.Build.0 = Debug|Any CPU
		{840ADBA6-111D-4326-9D0C-EED49AECDDF1}.Release|Any CPU.ActiveCfg = Release|Any CPU
		{840ADBA6-111D-4326-9D0C-EED49AECDDF1}.Release|Any CPU.Build.0 = Release|Any CPU
	EndGlobalSection
	GlobalSection(SolutionProperties) = preSolution
		HideSolutionNode = FALSE
	EndGlobalSection
	GlobalSection(ExtensibilityGlobals) = postSolution
		SolutionGuid = {09E76E9B-2FCC-446F-9831-62FD27AF1401}
	EndGlobalSection
EndGlobal
